
Microsoft Visual Studio Solution File, Format Version 12.00
# Visual Studio Version 17
VisualStudioVersion = 17.7.34031.279
MinimumVisualStudioVersion = 10.0.40219.1
Project("{9A19103F-16F7-4668-BE54-9A1E7A4F7556}") = "WebPixHarvester.UserInterface", "WebPixHarvester.UserInterface\WebPixHarvester.UserInterface.csproj", "{5E032BB8-611B-452C-821C-B9C6A3C1E2F3}"
EndProject
Project("{9A19103F-16F7-4668-BE54-9A1E7A4F7556}") = "WebPixHarvester.LogicLayer", "WebPixHarvester.LogicLayer\WebPixHarvester.LogicLayer.csproj", "{D062FC9B-759D-485B-8A8D-11993DB4DFFE}"
EndProject
Project("{FAE04EC0-301F-11D3-BF4B-00C04F79EFBC}") = "WebPixHarvester.LogicLayer.Tests", "WebPixHarvester.LogicLayer.Tests\WebPixHarvester.LogicLayer.Tests.csproj", "{FA5A1CF4-1BB0-4ED4-B9F9-C4A232809E18}"
EndProject
Project("{FAE04EC0-301F-11D3-BF4B-00C04F79EFBC}") = "WebPixHarvester.Data.Models", "WebPixHarvester.Data.Models\WebPixHarvester.Data.Models.csproj", "{461D9E30-4501-47F7-B506-B5E3C8C4DA59}"
EndProject
Global
	GlobalSection(SolutionConfigurationPlatforms) = preSolution
		Debug|Any CPU = Debug|Any CPU
		Release|Any CPU = Release|Any CPU
	EndGlobalSection
	GlobalSection(ProjectConfigurationPlatforms) = postSolution
		{5E032BB8-611B-452C-821C-B9C6A3C1E2F3}.Debug|Any CPU.ActiveCfg = Debug|Any CPU
		{5E032BB8-611B-452C-821C-B9C6A3C1E2F3}.Debug|Any CPU.Build.0 = Debug|Any CPU
		{5E032BB8-611B-452C-821C-B9C6A3C1E2F3}.Release|Any CPU.ActiveCfg = Release|Any CPU
		{5E032BB8-611B-452C-821C-B9C6A3C1E2F3}.Release|Any CPU.Build.0 = Release|Any CPU
		{D062FC9B-759D-485B-8A8D-11993DB4DFFE}.Debug|Any CPU.ActiveCfg = Debug|Any CPU
		{D062FC9B-759D-485B-8A8D-11993DB4DFFE}.Debug|Any CPU.Build.0 = Debug|Any CPU
		{D062FC9B-759D-485B-8A8D-11993DB4DFFE}.Release|Any CPU.ActiveCfg = Release|Any CPU
		{D062FC9B-759D-485B-8A8D-11993DB4DFFE}.Release|Any CPU.Build.0 = Release|Any CPU
		{FA5A1CF4-1BB0-4ED4-B9F9-C4A232809E18}.Debug|Any CPU.ActiveCfg = Debug|Any CPU
		{FA5A1CF4-1BB0-4ED4-B9F9-C4A232809E18}.Debug|Any CPU.Build.0 = Debug|Any CPU
		{FA5A1CF4-1BB0-4ED4-B9F9-C4A232809E18}.Release|Any CPU.ActiveCfg = Release|Any CPU
		{FA5A1CF4-1BB0-4ED4-B9F9-C4A232809E18}.Release|Any CPU.Build.0 = Release|Any CPU
		{461D9E30-4501-47F7-B506-B5E3C8C4DA59}.Debug|Any CPU.ActiveCfg = Debug|Any CPU
		{461D9E30-4501-47F7-B506-B5E3C8C4DA59}.Debug|Any CPU.Build.0 = Debug|Any CPU
		{461D9E30-4501-47F7-B506-B5E3C8C4DA59}.Release|Any CPU.ActiveCfg = Release|Any CPU
		{461D9E30-4501-47F7-B506-B5E3C8C4DA59}.Release|Any CPU.Build.0 = Release|Any CPU
	EndGlobalSection
	GlobalSection(SolutionProperties) = preSolution
		HideSolutionNode = FALSE
	EndGlobalSection
	GlobalSection(ExtensibilityGlobals) = postSolution
		SolutionGuid = {7547F348-5420-4B4B-B3B5-865C991BBEA6}
	EndGlobalSection
EndGlobal
